
Microsoft Visual Studio Solution File, Format Version 12.00
# Visual Studio Version 16
VisualStudioVersion = 16.0.31702.278
MinimumVisualStudioVersion = 10.0.40219.1
Project("{FAE04EC0-301F-11D3-BF4B-00C04F79EFBC}") = "Demo_Encription_Decription", "Demo_Encription_Decription.csproj", "{1108DB3A-1B6E-4571-81B2-EDA1F3C849AB}"
EndProject
Global
	GlobalSection(SolutionConfigurationPlatforms) = preSolution
		Debug|Any CPU = Debug|Any CPU
		Release|Any CPU = Release|Any CPU
	EndGlobalSection
	GlobalSection(ProjectConfigurationPlatforms) = postSolution
		{1108DB3A-1B6E-4571-81B2-EDA1F3C849AB}.Debug|Any CPU.ActiveCfg = Debug|Any CPU
		{1108DB3A-1B6E-4571-81B2-EDA1F3C849AB}.Debug|Any CPU.Build.0 = Debug|Any CPU
		{1108DB3A-1B6E-4571-81B2-EDA1F3C849AB}.Release|Any CPU.ActiveCfg = Release|Any CPU
		{1108DB3A-1B6E-4571-81B2-EDA1F3C849AB}.Release|Any CPU.Build.0 = Release|Any CPU
	EndGlobalSection
	GlobalSection(SolutionProperties) = preSolution
		HideSolutionNode = FALSE
	EndGlobalSection
	GlobalSection(ExtensibilityGlobals) = postSolution
		SolutionGuid = {6EDC1E4C-0343-4B90-822E-AE23440B697B}
	EndGlobalSection
EndGlobal
